
Microsoft Visual Studio Solution File, Format Version 12.00
# Visual Studio Version 16
VisualStudioVersion = 16.0.30621.155
MinimumVisualStudioVersion = 10.0.40219.1
Project("{FAE04EC0-301F-11D3-BF4B-00C04F79EFBC}") = "ChallengeWeek1", "ChallengeWeek1\ChallengeWeek1.csproj", "{8168AD95-016B-48BE-8F29-1DC91E6006BC}"
EndProject
Global
	GlobalSection(SolutionConfigurationPlatforms) = preSolution
		Debug|Any CPU = Debug|Any CPU
		Release|Any CPU = Release|Any CPU
	EndGlobalSection
	GlobalSection(ProjectConfigurationPlatforms) = postSolution
		{8168AD95-016B-48BE-8F29-1DC91E6006BC}.Debug|Any CPU.ActiveCfg = Debug|Any CPU
		{8168AD95-016B-48BE-8F29-1DC91E6006BC}.Debug|Any CPU.Build.0 = Debug|Any CPU
		{8168AD95-016B-48BE-8F29-1DC91E6006BC}.Release|Any CPU.ActiveCfg = Release|Any CPU
		{8168AD95-016B-48BE-8F29-1DC91E6006BC}.Release|Any CPU.Build.0 = Release|Any CPU
	EndGlobalSection
	GlobalSection(SolutionProperties) = preSolution
		HideSolutionNode = FALSE
	EndGlobalSection
	GlobalSection(ExtensibilityGlobals) = postSolution
		SolutionGuid = {37E92D49-E5DE-49E6-9B3F-022F7F97B43C}
	EndGlobalSection
EndGlobal
